Microsoft Visual Studio Solution File, Format Version 12.00
# Visual Studio 15
VisualStudioVersion = 15.0.26730.12
MinimumVisualStudioVersion = 10.0.40219.1
Project("{FAE04EC0-301F-11D3-BF4B-00C04F79EFBC}") = "UnEngine", "UnEngine\UnEngine.csproj", "{5EA17321-5D9F-45AF-851A-033B959B4024}"
EndProject
Project("{2150E333-8FDC-42A3-9474-1A3956D46DE8}") = "Tests", "Tests", "{D923BAD4-69EF-402F-8D59-D67E8A931ECA}"
EndProject
Project("{FAE04EC0-301F-11D3-BF4B-00C04F79EFBC}") = "UnEngineUnitTests", "UnEngineUnitTests\UnEngineUnitTests.csproj", "{D9D7DC29-FAD0-4D69-8822-06B3156BD4E6}"
EndProject
Project("{2150E333-8FDC-42A3-9474-1A3956D46DE8}") = "Solution Items", "Solution Items", "{78A3F9E3-4EFA-40D9-9EA3-E89CBE466F06}"
	ProjectSection(SolutionItems) = preProject
		Local.testsettings = Local.testsettings
		TraceAndTestImpact.testsettings = TraceAndTestImpact.testsettings
		UnEngine.vsmdi = UnEngine.vsmdi
	EndProjectSection
EndProject
Project("{9A19103F-16F7-4668-BE54-9A1E7A4F7556}") = "UnEngine.Standard", "UnEngine\UnEngine.Standard.csproj", "{D4C17B63-41F5-4446-957B-D38C12D92DC9}"
EndProject
Global
	GlobalSection(SolutionConfigurationPlatforms) = preSolution
		Debug|Any CPU = Debug|Any CPU
		Debug|x64 = Debug|x64
		Debug|x86 = Debug|x86
		Release|Any CPU = Release|Any CPU
		Release|x64 = Release|x64
		Release|x86 = Release|x86
		UnityTest|Any CPU = UnityTest|Any CPU
		UnityTest|x64 = UnityTest|x64
		UnityTest|x86 = UnityTest|x86
	EndGlobalSection
	GlobalSection(ProjectConfigurationPlatforms) = postSolution
		{5EA17321-5D9F-45AF-851A-033B959B4024}.Debug|Any CPU.ActiveCfg = Debug|Any CPU
		{5EA17321-5D9F-45AF-851A-033B959B4024}.Debug|Any CPU.Build.0 = Debug|Any CPU
		{5EA17321-5D9F-45AF-851A-033B959B4024}.Debug|x64.ActiveCfg = Debug|Any CPU
		{5EA17321-5D9F-45AF-851A-033B959B4024}.Debug|x64.Build.0 = Debug|Any CPU
		{5EA17321-5D9F-45AF-851A-033B959B4024}.Debug|x86.ActiveCfg = Debug|Any CPU
		{5EA17321-5D9F-45AF-851A-033B959B4024}.Debug|x86.Build.0 = Debug|Any CPU
		{5EA17321-5D9F-45AF-851A-033B959B4024}.Release|Any CPU.ActiveCfg = Release|Any CPU
		{5EA17321-5D9F-45AF-851A-033B959B4024}.Release|Any CPU.Build.0 = Release|Any CPU
		{5EA17321-5D9F-45AF-851A-033B959B4024}.Release|x64.ActiveCfg = Release|Any CPU
		{5EA17321-5D9F-45AF-851A-033B959B4024}.Release|x64.Build.0 = Release|Any CPU
		{5EA17321-5D9F-45AF-851A-033B959B4024}.Release|x86.ActiveCfg = Release|Any CPU
		{5EA17321-5D9F-45AF-851A-033B959B4024}.Release|x86.Build.0 = Release|Any CPU
		{5EA17321-5D9F-45AF-851A-033B959B4024}.UnityTest|Any CPU.ActiveCfg = UnityTest|Any CPU
		{5EA17321-5D9F-45AF-851A-033B959B4024}.UnityTest|Any CPU.Build.0 = UnityTest|Any CPU
		{5EA17321-5D9F-45AF-851A-033B959B4024}.UnityTest|x64.ActiveCfg = UnityTest|Any CPU
		{5EA17321-5D9F-45AF-851A-033B959B4024}.UnityTest|x64.Build.0 = UnityTest|Any CPU
		{5EA17321-5D9F-45AF-851A-033B959B4024}.UnityTest|x86.ActiveCfg = UnityTest|Any CPU
		{5EA17321-5D9F-45AF-851A-033B959B4024}.UnityTest|x86.Build.0 = UnityTest|Any CPU
		{D9D7DC29-FAD0-4D69-8822-06B3156BD4E6}.Debug|Any CPU.ActiveCfg = Debug|Any CPU
		{D9D7DC29-FAD0-4D69-8822-06B3156BD4E6}.Debug|Any CPU.Build.0 = Debug|Any CPU
		{D9D7DC29-FAD0-4D69-8822-06B3156BD4E6}.Debug|x64.ActiveCfg = Debug|Any CPU
		{D9D7DC29-FAD0-4D69-8822-06B3156BD4E6}.Debug|x64.Build.0 = Debug|Any CPU
		{D9D7DC29-FAD0-4D69-8822-06B3156BD4E6}.Debug|x86.ActiveCfg = Debug|Any CPU
		{D9D7DC29-FAD0-4D69-8822-06B3156BD4E6}.Debug|x86.Build.0 = Debug|Any CPU
		{D9D7DC29-FAD0-4D69-8822-06B3156BD4E6}.Release|Any CPU.ActiveCfg = Release|Any CPU
		{D9D7DC29-FAD0-4D69-8822-06B3156BD4E6}.Release|Any CPU.Build.0 = Release|Any CPU
		{D9D7DC29-FAD0-4D69-8822-06B3156BD4E6}.Release|x64.ActiveCfg = Release|Any CPU
		{D9D7DC29-FAD0-4D69-8822-06B3156BD4E6}.Release|x64.Build.0 = Release|Any CPU
		{D9D7DC29-FAD0-4D69-8822-06B3156BD4E6}.Release|x86.ActiveCfg = Release|Any CPU
		{D9D7DC29-FAD0-4D69-8822-06B3156BD4E6}.Release|x86.Build.0 = Release|Any CPU
		{D9D7DC29-FAD0-4D69-8822-06B3156BD4E6}.UnityTest|Any CPU.ActiveCfg = UnityTest|Any CPU
		{D9D7DC29-FAD0-4D69-8822-06B3156BD4E6}.UnityTest|Any CPU.Build.0 = UnityTest|Any CPU
		{D9D7DC29-FAD0-4D69-8822-06B3156BD4E6}.UnityTest|x64.ActiveCfg = UnityTest|Any CPU
		{D9D7DC29-FAD0-4D69-8822-06B3156BD4E6}.UnityTest|x64.Build.0 = UnityTest|Any CPU
		{D9D7DC29-FAD0-4D69-8822-06B3156BD4E6}.UnityTest|x86.ActiveCfg = UnityTest|Any CPU
		{D9D7DC29-FAD0-4D69-8822-06B3156BD4E6}.UnityTest|x86.Build.0 = UnityTest|Any CPU
		{D4C17B63-41F5-4446-957B-D38C12D92DC9}.Debug|Any CPU.ActiveCfg = Debug|Any CPU
		{D4C17B63-41F5-4446-957B-D38C12D92DC9}.Debug|Any CPU.Build.0 = Debug|Any CPU
		{D4C17B63-41F5-4446-957B-D38C12D92DC9}.Debug|x64.ActiveCfg = Debug|Any CPU
		{D4C17B63-41F5-4446-957B-D38C12D92DC9}.Debug|x64.Build.0 = Debug|Any CPU
		{D4C17B63-41F5-4446-957B-D38C12D92DC9}.Debug|x86.ActiveCfg = Debug|Any CPU
		{D4C17B63-41F5-4446-957B-D38C12D92DC9}.Debug|x86.Build.0 = Debug|Any CPU
		{D4C17B63-41F5-4446-957B-D38C12D92DC9}.Release|Any CPU.ActiveCfg = Release|Any CPU
		{D4C17B63-41F5-4446-957B-D38C12D92DC9}.Release|Any CPU.Build.0 = Release|Any CPU
		{D4C17B63-41F5-4446-957B-D38C12D92DC9}.Release|x64.ActiveCfg = Release|Any CPU
		{D4C17B63-41F5-4446-957B-D38C12D92DC9}.Release|x64.Build.0 = Release|Any CPU
		{D4C17B63-41F5-4446-957B-D38C12D92DC9}.Release|x86.ActiveCfg = Release|Any CPU
		{D4C17B63-41F5-4446-957B-D38C12D92DC9}.Release|x86.Build.0 = Release|Any CPU
		{D4C17B63-41F5-4446-957B-D38C12D92DC9}.UnityTest|Any CPU.ActiveCfg = Release|Any CPU
		{D4C17B63-41F5-4446-957B-D38C12D92DC9}.UnityTest|Any CPU.Build.0 = Release|Any CPU
		{D4C17B63-41F5-4446-957B-D38C12D92DC9}.UnityTest|x64.ActiveCfg = Release|Any CPU
		{D4C17B63-41F5-4446-957B-D38C12D92DC9}.UnityTest|x64.Build.0 = Release|Any CPU
		{D4C17B63-41F5-4446-957B-D38C12D92DC9}.UnityTest|x86.ActiveCfg = Release|Any CPU
		{D4C17B63-41F5-4446-957B-D38C12D92DC9}.UnityTest|x86.Build.0 = Release|Any CPU
	EndGlobalSection
	GlobalSection(SolutionProperties) = preSolution
		HideSolutionNode = FALSE
	EndGlobalSection
	GlobalSection(NestedProjects) = preSolution
		{D9D7DC29-FAD0-4D69-8822-06B3156BD4E6} = {D923BAD4-69EF-402F-8D59-D67E8A931ECA}
	EndGlobalSection
	GlobalSection(ExtensibilityGlobals) = postSolution
		SolutionGuid = {E76C24BF-B4CF-4B51-A06B-33F70FA606BD}
	EndGlobalSection
	GlobalSection(TestCaseManagementSettings) = postSolution
		CategoryFile = UnEngine.vsmdi
	EndGlobalSection
EndGlobal
